// !$*UTF8*$!
{
	archiveVersion = 1;
	classes = {
	};
	objectVersion = 51;
	objects = {

/* Begin PBXBuildFile section */
		7955574E77DA3DAD39154ACA /* Pods_MapSocialTests.framework in Frameworks */ = {isa = PBXBuildFile; fileRef = 2DD02254B031C27C317DA3BE /* Pods_MapSocialTests.framework */; };
		9C4670AF4FE722F417C6B252 /* Pods_MapSocial.framework in Frameworks */ = {isa = PBXBuildFile; fileRef = DDBA2E269FA417DD5F1CD242 /* Pods_MapSocial.framework */; };
		C0F936D3FFEB937071E27FCB /* Pods_MapSocial_MapSocialUITests.framework in Frameworks */ = {isa = PBXBuildFile; fileRef = 35EF257F7A6E87EBE5E7FC63 /* Pods_MapSocial_MapSocialUITests.framework */; };
		F20862E32660253300E142A7 /* AppDelegate.swift in Sources */ = {isa = PBXBuildFile; fileRef = F20862E22660253300E142A7 /* AppDelegate.swift */; };
		F20862E52660253300E142A7 /* SceneDelegate.swift in Sources */ = {isa = PBXBuildFile; fileRef = F20862E42660253300E142A7 /* SceneDelegate.swift */; };
		F20862EA2660253300E142A7 /* Main.storyboard in Resources */ = {isa = PBXBuildFile; fileRef = F20862E82660253300E142A7 /* Main.storyboard */; };
		F20862EC2660253400E142A7 /* Assets.xcassets in Resources */ = {isa = PBXBuildFile; fileRef = F20862EB2660253400E142A7 /* Assets.xcassets */; };
		F20862EF2660253400E142A7 /* LaunchScreen.storyboard in Resources */ = {isa = PBXBuildFile; fileRef = F20862ED2660253400E142A7 /* LaunchScreen.storyboard */; };
		F20862FA2660253400E142A7 /* MapSocialTests.swift in Sources */ = {isa = PBXBuildFile; fileRef = F20862F92660253400E142A7 /* MapSocialTests.swift */; };
		F20863052660253400E142A7 /* MapSocialUITests.swift in Sources */ = {isa = PBXBuildFile; fileRef = F20863042660253400E142A7 /* MapSocialUITests.swift */; };
		F2086316266025B800E142A7 /* MapController.swift in Sources */ = {isa = PBXBuildFile; fileRef = F2086315266025B800E142A7 /* MapController.swift */; };
		F20863292660279B00E142A7 /* Extensions.swift in Sources */ = {isa = PBXBuildFile; fileRef = F20863282660279B00E142A7 /* Extensions.swift */; };
		F237384126658FE2007DE412 /* EmojiCell.swift in Sources */ = {isa = PBXBuildFile; fileRef = F237384026658FE2007DE412 /* EmojiCell.swift */; };
		F237384626658FED007DE412 /* EmojiCell.xib in Resources */ = {isa = PBXBuildFile; fileRef = F237384526658FED007DE412 /* EmojiCell.xib */; };
		F257800D266645A100CF459E /* CustomAnnotationView.swift in Sources */ = {isa = PBXBuildFile; fileRef = F257800C266645A100CF459E /* CustomAnnotationView.swift */; };
		F2B1D56F26643B0D00FA191F /* AlertController.swift in Sources */ = {isa = PBXBuildFile; fileRef = F2B1D56E26643B0D00FA191F /* AlertController.swift */; };
		F2B1D57526643BC600FA191F /* AlertView.xib in Resources */ = {isa = PBXBuildFile; fileRef = F2B1D57426643BC600FA191F /* AlertView.xib */; };
		F2B1D57D26643BD900FA191F /* AlertView.swift in Sources */ = {isa = PBXBuildFile; fileRef = F2B1D57C26643BD900FA191F /* AlertView.swift */; };
/* End PBXBuildFile section */

/* Begin PBXContainerItemProxy section */
		F20862F62660253400E142A7 /* PBXContainerItemProxy */ = {
			isa = PBXContainerItemProxy;
			containerPortal = F20862D72660253300E142A7 /* Project object */;
			proxyType = 1;
			remoteGlobalIDString = F20862DE2660253300E142A7;
			remoteInfo = MapSocial;
		};
		F20863012660253400E142A7 /* PBXContainerItemProxy */ = {
			isa = PBXContainerItemProxy;
			containerPortal = F20862D72660253300E142A7 /* Project object */;
			proxyType = 1;
			remoteGlobalIDString = F20862DE2660253300E142A7;
			remoteInfo = MapSocial;
		};
/* End PBXContainerItemProxy section */

/* Begin PBXFileReference section */
		154D47F104294B4848674313 /* Pods-MapSocial-MapSocialUITests.release.xcconfig */ = {isa = PBXFileReference; includeInIndex = 1; lastKnownFileType = text.xcconfig; name = "Pods-MapSocial-MapSocialUITests.release.xcconfig"; path = "Target Support Files/Pods-MapSocial-MapSocialUITests/Pods-MapSocial-MapSocialUITests.release.xcconfig"; sourceTree = "<group>"; };
		2DD02254B031C27C317DA3BE /* Pods_MapSocialTests.framework */ = {isa = PBXFileReference; explicitFileType = wrapper.framework; includeInIndex = 0; path = Pods_MapSocialTests.framework; sourceTree = BUILT_PRODUCTS_DIR; };
		35EF257F7A6E87EBE5E7FC63 /* Pods_MapSocial_MapSocialUITests.framework */ = {isa = PBXFileReference; explicitFileType = wrapper.framework; includeInIndex = 0; path = Pods_MapSocial_MapSocialUITests.framework; sourceTree = BUILT_PRODUCTS_DIR; };
		4CCFE31FD05EC482A6F84608 /* Pods-MapSocial-MapSocialUITests.debug.xcconfig */ = {isa = PBXFileReference; includeInIndex = 1; lastKnownFileType = text.xcconfig; name = "Pods-MapSocial-MapSocialUITests.debug.xcconfig"; path = "Target Support Files/Pods-MapSocial-MapSocialUITests/Pods-MapSocial-MapSocialUITests.debug.xcconfig"; sourceTree = "<group>"; };
		6BA7B149313179382DFF2B5A /* Pods-MapSocial.release.xcconfig */ = {isa = PBXFileReference; includeInIndex = 1; lastKnownFileType = text.xcconfig; name = "Pods-MapSocial.release.xcconfig"; path = "Target Support Files/Pods-MapSocial/Pods-MapSocial.release.xcconfig"; sourceTree = "<group>"; };
		D9901F90146291BF59ADA8E0 /* Pods-MapSocialTests.debug.xcconfig */ = {isa = PBXFileReference; includeInIndex = 1; lastKnownFileType = text.xcconfig; name = "Pods-MapSocialTests.debug.xcconfig"; path = "Target Support Files/Pods-MapSocialTests/Pods-MapSocialTests.debug.xcconfig"; sourceTree = "<group>"; };
		DDBA2E269FA417DD5F1CD242 /* Pods_MapSocial.framework */ = {isa = PBXFileReference; explicitFileType = wrapper.framework; includeInIndex = 0; path = Pods_MapSocial.framework; sourceTree = BUILT_PRODUCTS_DIR; };
		EFB6CFBD1D62667C9DFA7748 /* Pods-MapSocialTests.release.xcconfig */ = {isa = PBXFileReference; includeInIndex = 1; lastKnownFileType = text.xcconfig; name = "Pods-MapSocialTests.release.xcconfig"; path = "Target Support Files/Pods-MapSocialTests/Pods-MapSocialTests.release.xcconfig"; sourceTree = "<group>"; };
		F20862DF2660253300E142A7 /* MapSocial.app */ = {isa = PBXFileReference; explicitFileType = wrapper.application; includeInIndex = 0; path = MapSocial.app; sourceTree = BUILT_PRODUCTS_DIR; };
		F20862E22660253300E142A7 /* AppDelegate.swift */ = {isa = PBXFileReference; lastKnownFileType = sourcecode.swift; path = AppDelegate.swift; sourceTree = "<group>"; };
		F20862E42660253300E142A7 /* SceneDelegate.swift */ = {isa = PBXFileReference; lastKnownFileType = sourcecode.swift; path = SceneDelegate.swift; sourceTree = "<group>"; };
		F20862E92660253300E142A7 /* Base */ = {isa = PBXFileReference; lastKnownFileType = file.storyboard; name = Base; path = Base.lproj/Main.storyboard; sourceTree = "<group>"; };
		F20862EB2660253400E142A7 /* Assets.xcassets */ = {isa = PBXFileReference; lastKnownFileType = folder.assetcatalog; path = Assets.xcassets; sourceTree = "<group>"; };
		F20862EE2660253400E142A7 /* Base */ = {isa = PBXFileReference; lastKnownFileType = file.storyboard; name = Base; path = Base.lproj/LaunchScreen.storyboard; sourceTree = "<group>"; };
		F20862F02660253400E142A7 /* Info.plist */ = {isa = PBXFileReference; lastKnownFileType = text.plist.xml; path = Info.plist; sourceTree = "<group>"; };
		F20862F52660253400E142A7 /* MapSocialTests.xctest */ = {isa = PBXFileReference; explicitFileType = wrapper.cfbundle; includeInIndex = 0; path = MapSocialTests.xctest; sourceTree = BUILT_PRODUCTS_DIR; };
		F20862F92660253400E142A7 /* MapSocialTests.swift */ = {isa = PBXFileReference; lastKnownFileType = sourcecode.swift; path = MapSocialTests.swift; sourceTree = "<group>"; };
		F20862FB2660253400E142A7 /* Info.plist */ = {isa = PBXFileReference; lastKnownFileType = text.plist.xml; path = Info.plist; sourceTree = "<group>"; };
		F20863002660253400E142A7 /* MapSocialUITests.xctest */ = {isa = PBXFileReference; explicitFileType = wrapper.cfbundle; includeInIndex = 0; path = MapSocialUITests.xctest; sourceTree = BUILT_PRODUCTS_DIR; };
		F20863042660253400E142A7 /* MapSocialUITests.swift */ = {isa = PBXFileReference; lastKnownFileType = sourcecode.swift; path = MapSocialUITests.swift; sourceTree = "<group>"; };
		F20863062660253400E142A7 /* Info.plist */ = {isa = PBXFileReference; lastKnownFileType = text.plist.xml; path = Info.plist; sourceTree = "<group>"; };
		F2086315266025B800E142A7 /* MapController.swift */ = {isa = PBXFileReference; lastKnownFileType = sourcecode.swift; path = MapController.swift; sourceTree = "<group>"; };
		F20863282660279B00E142A7 /* Extensions.swift */ = {isa = PBXFileReference; lastKnownFileType = sourcecode.swift; path = Extensions.swift; sourceTree = "<group>"; };
		F237384026658FE2007DE412 /* EmojiCell.swift */ = {isa = PBXFileReference; lastKnownFileType = sourcecode.swift; path = EmojiCell.swift; sourceTree = "<group>"; };
		F237384526658FED007DE412 /* EmojiCell.xib */ = {isa = PBXFileReference; lastKnownFileType = file.xib; path = EmojiCell.xib; sourceTree = "<group>"; };
		F257800C266645A100CF459E /* CustomAnnotationView.swift */ = {isa = PBXFileReference; lastKnownFileType = sourcecode.swift; path = CustomAnnotationView.swift; sourceTree = "<group>"; };
		F2B1D56E26643B0D00FA191F /* AlertController.swift */ = {isa = PBXFileReference; lastKnownFileType = sourcecode.swift; path = AlertController.swift; sourceTree = "<group>"; };
		F2B1D57426643BC600FA191F /* AlertView.xib */ = {isa = PBXFileReference; lastKnownFileType = file.xib; path = AlertView.xib; sourceTree = "<group>"; };
		F2B1D57C26643BD900FA191F /* AlertView.swift */ = {isa = PBXFileReference; lastKnownFileType = sourcecode.swift; path = AlertView.swift; sourceTree = "<group>"; };
		F49374BD107123F3A43BC7EB /* Pods-MapSocial.debug.xcconfig */ = {isa = PBXFileReference; includeInIndex = 1; lastKnownFileType = text.xcconfig; name = "Pods-MapSocial.debug.xcconfig"; path = "Target Support Files/Pods-MapSocial/Pods-MapSocial.debug.xcconfig"; sourceTree = "<group>"; };
/* End PBXFileReference section */

/* Begin PBXFrameworksBuildPhase section */
		F20862DC2660253300E142A7 /* Frameworks */ = {
			isa = PBXFrameworksBuildPhase;
			buildActionMask = 2147483647;
			files = (
				9C4670AF4FE722F417C6B252 /* Pods_MapSocial.framework in Frameworks */,
			);
			runOnlyForDeploymentPostprocessing = 0;
		};
		F20862F22660253400E142A7 /* Frameworks */ = {
			isa = PBXFrameworksBuildPhase;
			buildActionMask = 2147483647;
			files = (
				7955574E77DA3DAD39154ACA /* Pods_MapSocialTests.framework in Frameworks */,
			);
			runOnlyForDeploymentPostprocessing = 0;
		};
		F20862FD2660253400E142A7 /* Frameworks */ = {
			isa = PBXFrameworksBuildPhase;
			buildActionMask = 2147483647;
			files = (
				C0F936D3FFEB937071E27FCB /* Pods_MapSocial_MapSocialUITests.framework in Frameworks */,
			);
			runOnlyForDeploymentPostprocessing = 0;
		};
/* End PBXFrameworksBuildPhase section */

/* Begin PBXGroup section */
		DD19D396F611C7BE8FBA4EBC /* Frameworks */ = {
			isa = PBXGroup;
			children = (
				DDBA2E269FA417DD5F1CD242 /* Pods_MapSocial.framework */,
				35EF257F7A6E87EBE5E7FC63 /* Pods_MapSocial_MapSocialUITests.framework */,
				2DD02254B031C27C317DA3BE /* Pods_MapSocialTests.framework */,
			);
			name = Frameworks;
			sourceTree = "<group>";
		};
		E9D197E7890D2CE6573E56B8 /* Pods */ = {
			isa = PBXGroup;
			children = (
				F49374BD107123F3A43BC7EB /* Pods-MapSocial.debug.xcconfig */,
				6BA7B149313179382DFF2B5A /* Pods-MapSocial.release.xcconfig */,
				4CCFE31FD05EC482A6F84608 /* Pods-MapSocial-MapSocialUITests.debug.xcconfig */,
				154D47F104294B4848674313 /* Pods-MapSocial-MapSocialUITests.release.xcconfig */,
				D9901F90146291BF59ADA8E0 /* Pods-MapSocialTests.debug.xcconfig */,
				EFB6CFBD1D62667C9DFA7748 /* Pods-MapSocialTests.release.xcconfig */,
			);
			path = Pods;
			sourceTree = "<group>";
		};
		F20862D62660253300E142A7 = {
			isa = PBXGroup;
			children = (
				F20862E12660253300E142A7 /* MapSocial */,
				F20862F82660253400E142A7 /* MapSocialTests */,
				F20863032660253400E142A7 /* MapSocialUITests */,
				F20862E02660253300E142A7 /* Products */,
				E9D197E7890D2CE6573E56B8 /* Pods */,
				DD19D396F611C7BE8FBA4EBC /* Frameworks */,
			);
			sourceTree = "<group>";
		};
		F20862E02660253300E142A7 /* Products */ = {
			isa = PBXGroup;
			children = (
				F20862DF2660253300E142A7 /* MapSocial.app */,
				F20862F52660253400E142A7 /* MapSocialTests.xctest */,
				F20863002660253400E142A7 /* MapSocialUITests.xctest */,
			);
			name = Products;
			sourceTree = "<group>";
		};
		F20862E12660253300E142A7 /* MapSocial */ = {
			isa = PBXGroup;
			children = (
				F237384A26659299007DE412 /* Controllers */,
				F2B1D57326643BAF00FA191F /* Views */,
				F2B8ECF626658257002F68A0 /* Utils */,
				F20862E22660253300E142A7 /* AppDelegate.swift */,
				F20862E42660253300E142A7 /* SceneDelegate.swift */,
				F20862E82660253300E142A7 /* Main.storyboard */,
				F20862ED2660253400E142A7 /* LaunchScreen.storyboard */,
				F20862EB2660253400E142A7 /* Assets.xcassets */,
				F20862F02660253400E142A7 /* Info.plist */,
			);
			path = MapSocial;
			sourceTree = "<group>";
		};
		F20862F82660253400E142A7 /* MapSocialTests */ = {
			isa = PBXGroup;
			children = (
				F20862F92660253400E142A7 /* MapSocialTests.swift */,
				F20862FB2660253400E142A7 /* Info.plist */,
			);
			path = MapSocialTests;
			sourceTree = "<group>";
		};
		F20863032660253400E142A7 /* MapSocialUITests */ = {
			isa = PBXGroup;
			children = (
				F20863042660253400E142A7 /* MapSocialUITests.swift */,
				F20863062660253400E142A7 /* Info.plist */,
			);
			path = MapSocialUITests;
			sourceTree = "<group>";
		};
		F237384A26659299007DE412 /* Controllers */ = {
			isa = PBXGroup;
			children = (
				F2086315266025B800E142A7 /* MapController.swift */,
				F2B1D56E26643B0D00FA191F /* AlertController.swift */,
			);
			path = Controllers;
			sourceTree = "<group>";
		};
		F257800B2666459000CF459E /* AnnotationView */ = {
			isa = PBXGroup;
			children = (
				F257800C266645A100CF459E /* CustomAnnotationView.swift */,
			);
			path = AnnotationView;
			sourceTree = "<group>";
		};
		F29F3F152665570E00872BBE /* AlertView */ = {
			isa = PBXGroup;
			children = (
				F2B1D57C26643BD900FA191F /* AlertView.swift */,
				F2B1D57426643BC600FA191F /* AlertView.xib */,
				F237384026658FE2007DE412 /* EmojiCell.swift */,
				F237384526658FED007DE412 /* EmojiCell.xib */,
			);
			path = AlertView;
			sourceTree = "<group>";
		};
		F2B1D57326643BAF00FA191F /* Views */ = {
			isa = PBXGroup;
			children = (
				F257800B2666459000CF459E /* AnnotationView */,
				F29F3F152665570E00872BBE /* AlertView */,
			);
			path = Views;
			sourceTree = "<group>";
		};
		F2B8ECF626658257002F68A0 /* Utils */ = {
			isa = PBXGroup;
			children = (
				F20863282660279B00E142A7 /* Extensions.swift */,
			);
			path = Utils;
			sourceTree = "<group>";
		};
/* End PBXGroup section */

/* Begin PBXNativeTarget section */
		F20862DE2660253300E142A7 /* MapSocial */ = {
			isa = PBXNativeTarget;
			buildConfigurationList = F20863092660253400E142A7 /* Build configuration list for PBXNativeTarget "MapSocial" */;
			buildPhases = (
				CC38C2E39F6FCC02D8DF9CCA /* [CP] Check Pods Manifest.lock */,
				F20862DB2660253300E142A7 /* Sources */,
				F20862DC2660253300E142A7 /* Frameworks */,
				F20862DD2660253300E142A7 /* Resources */,
				12A0FC4913599546D02A8427 /* [CP] Embed Pods Frameworks */,
			);
			buildRules = (
			);
			dependencies = (
			);
			name = MapSocial;
			productName = MapSocial;
			productReference = F20862DF2660253300E142A7 /* MapSocial.app */;
			productType = "com.apple.product-type.application";
		};
		F20862F42660253400E142A7 /* MapSocialTests */ = {
			isa = PBXNativeTarget;
			buildConfigurationList = F208630C2660253400E142A7 /* Build configuration list for PBXNativeTarget "MapSocialTests" */;
			buildPhases = (
				16FD5DB724C1C89B9BDBBC8A /* [CP] Check Pods Manifest.lock */,
				F20862F12660253400E142A7 /* Sources */,
				F20862F22660253400E142A7 /* Frameworks */,
				F20862F32660253400E142A7 /* Resources */,
			);
			buildRules = (
			);
			dependencies = (
				F20862F72660253400E142A7 /* PBXTargetDependency */,
			);
			name = MapSocialTests;
			productName = MapSocialTests;
			productReference = F20862F52660253400E142A7 /* MapSocialTests.xctest */;
			productType = "com.apple.product-type.bundle.unit-test";
		};
		F20862FF2660253400E142A7 /* MapSocialUITests */ = {
			isa = PBXNativeTarget;
			buildConfigurationList = F208630F2660253400E142A7 /* Build configuration list for PBXNativeTarget "MapSocialUITests" */;
			buildPhases = (
				A87643B8572D25CAFE6E2E3D /* [CP] Check Pods Manifest.lock */,
				F20862FC2660253400E142A7 /* Sources */,
				F20862FD2660253400E142A7 /* Frameworks */,
				F20862FE2660253400E142A7 /* Resources */,
				52CD4B525F410C602C5CAB96 /* [CP] Embed Pods Frameworks */,
			);
			buildRules = (
			);
			dependencies = (
				F20863022660253400E142A7 /* PBXTargetDependency */,
			);
			name = MapSocialUITests;
			productName = MapSocialUITests;
			productReference = F20863002660253400E142A7 /* MapSocialUITests.xctest */;
			productType = "com.apple.product-type.bundle.ui-testing";
		};
/* End PBXNativeTarget section */

/* Begin PBXProject section */
		F20862D72660253300E142A7 /* Project object */ = {
			isa = PBXProject;
			attributes = {
				LastSwiftUpdateCheck = 1230;
				LastUpgradeCheck = 1230;
				TargetAttributes = {
					F20862DE2660253300E142A7 = {
						CreatedOnToolsVersion = 12.3;
					};
					F20862F42660253400E142A7 = {
						CreatedOnToolsVersion = 12.3;
						TestTargetID = F20862DE2660253300E142A7;
					};
					F20862FF2660253400E142A7 = {
						CreatedOnToolsVersion = 12.3;
						TestTargetID = F20862DE2660253300E142A7;
					};
				};
			};
			buildConfigurationList = F20862DA2660253300E142A7 /* Build configuration list for PBXProject "MapSocial" */;
			compatibilityVersion = "Xcode 9.3";
			developmentRegion = en;
			hasScannedForEncodings = 0;
			knownRegions = (
				en,
				Base,
			);
			mainGroup = F20862D62660253300E142A7;
			productRefGroup = F20862E02660253300E142A7 /* Products */;
			projectDirPath = "";
			projectRoot = "";
			targets = (
				F20862DE2660253300E142A7 /* MapSocial */,
				F20862F42660253400E142A7 /* MapSocialTests */,
				F20862FF2660253400E142A7 /* MapSocialUITests */,
			);
		};
/* End PBXProject section */

/* Begin PBXResourcesBuildPhase section */
		F20862DD2660253300E142A7 /* Resources */ = {
			isa = PBXResourcesBuildPhase;
			buildActionMask = 2147483647;
			files = (
				F20862EF2660253400E142A7 /* LaunchScreen.storyboard in Resources */,
				F237384626658FED007DE412 /* EmojiCell.xib in Resources */,
				F2B1D57526643BC600FA191F /* AlertView.xib in Resources */,
				F20862EC2660253400E142A7 /* Assets.xcassets in Resources */,
				F20862EA2660253300E142A7 /* Main.storyboard in Resources */,
			);
			runOnlyForDeploymentPostprocessing = 0;
		};
		F20862F32660253400E142A7 /* Resources */ = {
			isa = PBXResourcesBuildPhase;
			buildActionMask = 2147483647;
			files = (
			);
			runOnlyForDeploymentPostprocessing = 0;
		};
		F20862FE2660253400E142A7 /* Resources */ = {
			isa = PBXResourcesBuildPhase;
			buildActionMask = 2147483647;
			files = (
			);
			runOnlyForDeploymentPostprocessing = 0;
		};
/* End PBXResourcesBuildPhase section */

/* Begin PBXShellScriptBuildPhase section */
		12A0FC4913599546D02A8427 /* [CP] Embed Pods Frameworks */ = {
			isa = PBXShellScriptBuildPhase;
			buildActionMask = 2147483647;
			files = (
			);
			inputFileListPaths = (
				"${PODS_ROOT}/Target Support Files/Pods-MapSocial/Pods-MapSocial-frameworks-${CONFIGURATION}-input-files.xcfilelist",
			);
			name = "[CP] Embed Pods Frameworks";
			outputFileListPaths = (
				"${PODS_ROOT}/Target Support Files/Pods-MapSocial/Pods-MapSocial-frameworks-${CONFIGURATION}-output-files.xcfilelist",
			);
			runOnlyForDeploymentPostprocessing = 0;
			shellPath = /bin/sh;
			shellScript = "\"${PODS_ROOT}/Target Support Files/Pods-MapSocial/Pods-MapSocial-frameworks.sh\"\n";
			showEnvVarsInLog = 0;
		};
		16FD5DB724C1C89B9BDBBC8A /* [CP] Check Pods Manifest.lock */ = {
			isa = PBXShellScriptBuildPhase;
			buildActionMask = 2147483647;
			files = (
			);
			inputFileListPaths = (
			);
			inputPaths = (
				"${PODS_PODFILE_DIR_PATH}/Podfile.lock",
				"${PODS_ROOT}/Manifest.lock",
			);
			name = "[CP] Check Pods Manifest.lock";
			outputFileListPaths = (
			);
			outputPaths = (
				"$(DERIVED_FILE_DIR)/Pods-MapSocialTests-checkManifestLockResult.txt",
			);
			runOnlyForDeploymentPostprocessing = 0;
			shellPath = /bin/sh;
			shellScript = "diff \"${PODS_PODFILE_DIR_PATH}/Podfile.lock\" \"${PODS_ROOT}/Manifest.lock\" > /dev/null\nif [ $? != 0 ] ; then\n    # print error to STDERR\n    echo \"error: The sandbox is not in sync with the Podfile.lock. Run 'pod install' or update your CocoaPods installation.\" >&2\n    exit 1\nfi\n# This output is used by Xcode 'outputs' to avoid re-running this script phase.\necho \"SUCCESS\" > \"${SCRIPT_OUTPUT_FILE_0}\"\n";
			showEnvVarsInLog = 0;
		};
		52CD4B525F410C602C5CAB96 /* [CP] Embed Pods Frameworks */ = {
			isa = PBXShellScriptBuildPhase;
			buildActionMask = 2147483647;
			files = (
			);
			inputFileListPaths = (
				"${PODS_ROOT}/Target Support Files/Pods-MapSocial-MapSocialUITests/Pods-MapSocial-MapSocialUITests-frameworks-${CONFIGURATION}-input-files.xcfilelist",
			);
			name = "[CP] Embed Pods Frameworks";
			outputFileListPaths = (
				"${PODS_ROOT}/Target Support Files/Pods-MapSocial-MapSocialUITests/Pods-MapSocial-MapSocialUITests-frameworks-${CONFIGURATION}-output-files.xcfilelist",
			);
			runOnlyForDeploymentPostprocessing = 0;
			shellPath = /bin/sh;
			shellScript = "\"${PODS_ROOT}/Target Support Files/Pods-MapSocial-MapSocialUITests/Pods-MapSocial-MapSocialUITests-frameworks.sh\"\n";
			showEnvVarsInLog = 0;
		};
		A87643B8572D25CAFE6E2E3D /* [CP] Check Pods Manifest.lock */ = {
			isa = PBXShellScriptBuildPhase;
			buildActionMask = 2147483647;
			files = (
			);
			inputFileListPaths = (
			);
			inputPaths = (
				"${PODS_PODFILE_DIR_PATH}/Podfile.lock",
				"${PODS_ROOT}/Manifest.lock",
			);
			name = "[CP] Check Pods Manifest.lock";
			outputFileListPaths = (
			);
			outputPaths = (
				"$(DERIVED_FILE_DIR)/Pods-MapSocial-MapSocialUITests-checkManifestLockResult.txt",
			);
			runOnlyForDeploymentPostprocessing = 0;
			shellPath = /bin/sh;
			shellScript = "diff \"${PODS_PODFILE_DIR_PATH}/Podfile.lock\" \"${PODS_ROOT}/Manifest.lock\" > /dev/null\nif [ $? != 0 ] ; then\n    # print error to STDERR\n    echo \"error: The sandbox is not in sync with the Podfile.lock. Run 'pod install' or update your CocoaPods installation.\" >&2\n    exit 1\nfi\n# This output is used by Xcode 'outputs' to avoid re-running this script phase.\necho \"SUCCESS\" > \"${SCRIPT_OUTPUT_FILE_0}\"\n";
			showEnvVarsInLog = 0;
		};
		CC38C2E39F6FCC02D8DF9CCA /* [CP] Check Pods Manifest.lock */ = {
			isa = PBXShellScriptBuildPhase;
			buildActionMask = 2147483647;
			files = (
			);
			inputFileListPaths = (
			);
			inputPaths = (
				"${PODS_PODFILE_DIR_PATH}/Podfile.lock",
				"${PODS_ROOT}/Manifest.lock",
			);
			name = "[CP] Check Pods Manifest.lock";
			outputFileListPaths = (
			);
			outputPaths = (
				"$(DERIVED_FILE_DIR)/Pods-MapSocial-checkManifestLockResult.txt",
			);
			runOnlyForDeploymentPostprocessing = 0;
			shellPath = /bin/sh;
			shellScript = "diff \"${PODS_PODFILE_DIR_PATH}/Podfile.lock\" \"${PODS_ROOT}/Manifest.lock\" > /dev/null\nif [ $? != 0 ] ; then\n    # print error to STDERR\n    echo \"error: The sandbox is not in sync with the Podfile.lock. Run 'pod install' or update your CocoaPods installation.\" >&2\n    exit 1\nfi\n# This output is used by Xcode 'outputs' to avoid re-running this script phase.\necho \"SUCCESS\" > \"${SCRIPT_OUTPUT_FILE_0}\"\n";
			showEnvVarsInLog = 0;
		};
/* End PBXShellScriptBuildPhase section */

/* Begin PBXSourcesBuildPhase section */
		F20862DB2660253300E142A7 /* Sources */ = {
			isa = PBXSourcesBuildPhase;
			buildActionMask = 2147483647;
			files = (
				F237384126658FE2007DE412 /* EmojiCell.swift in Sources */,
				F2086316266025B800E142A7 /* MapController.swift in Sources */,
				F20863292660279B00E142A7 /* Extensions.swift in Sources */,
				F2B1D57D26643BD900FA191F /* AlertView.swift in Sources */,
				F20862E32660253300E142A7 /* AppDelegate.swift in Sources */,
				F2B1D56F26643B0D00FA191F /* AlertController.swift in Sources */,
				F257800D266645A100CF459E /* CustomAnnotationView.swift in Sources */,
				F20862E52660253300E142A7 /* SceneDelegate.swift in Sources */,
			);
			runOnlyForDeploymentPostprocessing = 0;
		};
		F20862F12660253400E142A7 /* Sources */ = {
			isa = PBXSourcesBuildPhase;
			buildActionMask = 2147483647;
			files = (
				F20862FA2660253400E142A7 /* MapSocialTests.swift in Sources */,
			);
			runOnlyForDeploymentPostprocessing = 0;
		};
		F20862FC2660253400E142A7 /* Sources */ = {
			isa = PBXSourcesBuildPhase;
			buildActionMask = 2147483647;
			files = (
				F20863052660253400E142A7 /* MapSocialUITests.swift in Sources */,
			);
			runOnlyForDeploymentPostprocessing = 0;
		};
/* End PBXSourcesBuildPhase section */

/* Begin PBXTargetDependency section */
		F20862F72660253400E142A7 /* PBXTargetDependency */ = {
			isa = PBXTargetDependency;
			target = F20862DE2660253300E142A7 /* MapSocial */;
			targetProxy = F20862F62660253400E142A7 /* PBXContainerItemProxy */;
		};
		F20863022660253400E142A7 /* PBXTargetDependency */ = {
			isa = PBXTargetDependency;
			target = F20862DE2660253300E142A7 /* MapSocial */;
			targetProxy = F20863012660253400E142A7 /* PBXContainerItemProxy */;
		};
/* End PBXTargetDependency section */

/* Begin PBXVariantGroup section */
		F20862E82660253300E142A7 /* Main.storyboard */ = {
			isa = PBXVariantGroup;
			children = (
				F20862E92660253300E142A7 /* Base */,
			);
			name = Main.storyboard;
			sourceTree = "<group>";
		};
		F20862ED2660253400E142A7 /* LaunchScreen.storyboard */ = {
			isa = PBXVariantGroup;
			children = (
				F20862EE2660253400E142A7 /* Base */,
			);
			name = LaunchScreen.storyboard;
			sourceTree = "<group>";
		};
/* End PBXVariantGroup section */

/* Begin XCBuildConfiguration section */
		F20863072660253400E142A7 /* Debug */ = {
			isa = XCBuildConfiguration;
			buildSettings = {
				ALWAYS_SEARCH_USER_PATHS = NO;
				CLANG_ANALYZER_NONNULL = YES;
				CLANG_ANALYZER_NUMBER_OBJECT_CONVERSION = YES_AGGRESSIVE;
				CLANG_CXX_LANGUAGE_STANDARD = "gnu++14";
				CLANG_CXX_LIBRARY = "libc++";
				CLANG_ENABLE_MODULES = YES;
				CLANG_ENABLE_OBJC_ARC = YES;
				CLANG_ENABLE_OBJC_WEAK = YES;
				CLANG_WARN_BLOCK_CAPTURE_AUTORELEASING = YES;
				CLANG_WARN_BOOL_CONVERSION = YES;
				CLANG_WARN_COMMA = YES;
				CLANG_WARN_CONSTANT_CONVERSION = YES;
				CLANG_WARN_DEPRECATED_OBJC_IMPLEMENTATIONS = YES;
				CLANG_WARN_DIRECT_OBJC_ISA_USAGE = YES_ERROR;
				CLANG_WARN_DOCUMENTATION_COMMENTS = YES;
				CLANG_WARN_EMPTY_BODY = YES;
				CLANG_WARN_ENUM_CONVERSION = YES;
				CLANG_WARN_INFINITE_RECURSION = YES;
				CLANG_WARN_INT_CONVERSION = YES;
				CLANG_WARN_NON_LITERAL_NULL_CONVERSION = YES;
				CLANG_WARN_OBJC_IMPLICIT_RETAIN_SELF = YES;
				CLANG_WARN_OBJC_LITERAL_CONVERSION = YES;
				CLANG_WARN_OBJC_ROOT_CLASS = YES_ERROR;
				CLANG_WARN_QUOTED_INCLUDE_IN_FRAMEWORK_HEADER = YES;
				CLANG_WARN_RANGE_LOOP_ANALYSIS = YES;
				CLANG_WARN_STRICT_PROTOTYPES = YES;
				CLANG_WARN_SUSPICIOUS_MOVE = YES;
				CLANG_WARN_UNGUARDED_AVAILABILITY = YES_AGGRESSIVE;
				CLANG_WARN_UNREACHABLE_CODE = YES;
				CLANG_WARN__DUPLICATE_METHOD_MATCH = YES;
				COPY_PHASE_STRIP = NO;
				DEBUG_INFORMATION_FORMAT = dwarf;
				ENABLE_STRICT_OBJC_MSGSEND = YES;
				ENABLE_TESTABILITY = YES;
				GCC_C_LANGUAGE_STANDARD = gnu11;
				GCC_DYNAMIC_NO_PIC = NO;
				GCC_NO_COMMON_BLOCKS = YES;
				GCC_OPTIMIZATION_LEVEL = 0;
				GCC_PREPROCESSOR_DEFINITIONS = (
					"DEBUG=1",
					"$(inherited)",
				);
				GCC_WARN_64_TO_32_BIT_CONVERSION = YES;
				GCC_WARN_ABOUT_RETURN_TYPE = YES_ERROR;
				GCC_WARN_UNDECLARED_SELECTOR = YES;
				GCC_WARN_UNINITIALIZED_AUTOS = YES_AGGRESSIVE;
				GCC_WARN_UNUSED_FUNCTION = YES;
				GCC_WARN_UNUSED_VARIABLE = YES;
				IPHONEOS_DEPLOYMENT_TARGET = 14.3;
				MTL_ENABLE_DEBUG_INFO = INCLUDE_SOURCE;
				MTL_FAST_MATH = YES;
				ONLY_ACTIVE_ARCH = YES;
				SDKROOT = iphoneos;
				SWIFT_ACTIVE_COMPILATION_CONDITIONS = DEBUG;
				SWIFT_OPTIMIZATION_LEVEL = "-Onone";
			};
			name = Debug;
		};
		F20863082660253400E142A7 /* Release */ = {
			isa = XCBuildConfiguration;
			buildSettings = {
				ALWAYS_SEARCH_USER_PATHS = NO;
				CLANG_ANALYZER_NONNULL = YES;
				CLANG_ANALYZER_NUMBER_OBJECT_CONVERSION = YES_AGGRESSIVE;
				CLANG_CXX_LANGUAGE_STANDARD = "gnu++14";
				CLANG_CXX_LIBRARY = "libc++";
				CLANG_ENABLE_MODULES = YES;
				CLANG_ENABLE_OBJC_ARC = YES;
				CLANG_ENABLE_OBJC_WEAK = YES;
				CLANG_WARN_BLOCK_CAPTURE_AUTORELEASING = YES;
				CLANG_WARN_BOOL_CONVERSION = YES;
				CLANG_WARN_COMMA = YES;
				CLANG_WARN_CONSTANT_CONVERSION = YES;
				CLANG_WARN_DEPRECATED_OBJC_IMPLEMENTATIONS = YES;
				CLANG_WARN_DIRECT_OBJC_ISA_USAGE = YES_ERROR;
				CLANG_WARN_DOCUMENTATION_COMMENTS = YES;
				CLANG_WARN_EMPTY_BODY = YES;
				CLANG_WARN_ENUM_CONVERSION = YES;
				CLANG_WARN_INFINITE_RECURSION = YES;
				CLANG_WARN_INT_CONVERSION = YES;
				CLANG_WARN_NON_LITERAL_NULL_CONVERSION = YES;
				CLANG_WARN_OBJC_IMPLICIT_RETAIN_SELF = YES;
				CLANG_WARN_OBJC_LITERAL_CONVERSION = YES;
				CLANG_WARN_OBJC_ROOT_CLASS = YES_ERROR;
				CLANG_WARN_QUOTED_INCLUDE_IN_FRAMEWORK_HEADER = YES;
				CLANG_WARN_RANGE_LOOP_ANALYSIS = YES;
				CLANG_WARN_STRICT_PROTOTYPES = YES;
				CLANG_WARN_SUSPICIOUS_MOVE = YES;
				CLANG_WARN_UNGUARDED_AVAILABILITY = YES_AGGRESSIVE;
				CLANG_WARN_UNREACHABLE_CODE = YES;
				CLANG_WARN__DUPLICATE_METHOD_MATCH = YES;
				COPY_PHASE_STRIP = NO;
				DEBUG_INFORMATION_FORMAT = "dwarf-with-dsym";
				ENABLE_NS_ASSERTIONS = NO;
				ENABLE_STRICT_OBJC_MSGSEND = YES;
				GCC_C_LANGUAGE_STANDARD = gnu11;
				GCC_NO_COMMON_BLOCKS = YES;
				GCC_WARN_64_TO_32_BIT_CONVERSION = YES;
				GCC_WARN_ABOUT_RETURN_TYPE = YES_ERROR;
				GCC_WARN_UNDECLARED_SELECTOR = YES;
				GCC_WARN_UNINITIALIZED_AUTOS = YES_AGGRESSIVE;
				GCC_WARN_UNUSED_FUNCTION = YES;
				GCC_WARN_UNUSED_VARIABLE = YES;
				IPHONEOS_DEPLOYMENT_TARGET = 14.3;
				MTL_ENABLE_DEBUG_INFO = NO;
				MTL_FAST_MATH = YES;
				SDKROOT = iphoneos;
				SWIFT_COMPILATION_MODE = wholemodule;
				SWIFT_OPTIMIZATION_LEVEL = "-O";
				VALIDATE_PRODUCT = YES;
			};
			name = Release;
		};
		F208630A2660253400E142A7 /* Debug */ = {
			isa = XCBuildConfiguration;
			baseConfigurationReference = F49374BD107123F3A43BC7EB /* Pods-MapSocial.debug.xcconfig */;
			buildSettings = {
				ASSETCATALOG_COMPILER_APPICON_NAME = AppIcon;
				ASSETCATALOG_COMPILER_GLOBAL_ACCENT_COLOR_NAME = AccentColor;
				CODE_SIGN_STYLE = Automatic;
				DEVELOPMENT_TEAM = LZB8X3995T;
				INFOPLIST_FILE = MapSocial/Info.plist;
				IPHONEOS_DEPLOYMENT_TARGET = 14.0;
				LD_RUNPATH_SEARCH_PATHS = (
					"$(inherited)",
					"@executable_path/Frameworks",
				);
				PRODUCT_BUNDLE_IDENTIFIER = com.kimnordin.MapSocial;
				PRODUCT_NAME = "$(TARGET_NAME)";
				SWIFT_VERSION = 5.0;
				TARGETED_DEVICE_FAMILY = "1,2";
			};
			name = Debug;
		};
		F208630B2660253400E142A7 /* Release */ = {
			isa = XCBuildConfiguration;
			baseConfigurationReference = 6BA7B149313179382DFF2B5A /* Pods-MapSocial.release.xcconfig */;
			buildSettings = {
				ASSETCATALOG_COMPILER_APPICON_NAME = AppIcon;
				ASSETCATALOG_COMPILER_GLOBAL_ACCENT_COLOR_NAME = AccentColor;
				CODE_SIGN_STYLE = Automatic;
				DEVELOPMENT_TEAM = LZB8X3995T;
				INFOPLIST_FILE = MapSocial/Info.plist;
				IPHONEOS_DEPLOYMENT_TARGET = 14.0;
				LD_RUNPATH_SEARCH_PATHS = (
					"$(inherited)",
					"@executable_path/Frameworks",
				);
				PRODUCT_BUNDLE_IDENTIFIER = com.kimnordin.MapSocial;
				PRODUCT_NAME = "$(TARGET_NAME)";
				SWIFT_VERSION = 5.0;
				TARGETED_DEVICE_FAMILY = "1,2";
			};
			name = Release;
		};
		F208630D2660253400E142A7 /* Debug */ = {
			isa = XCBuildConfiguration;
			baseConfigurationReference = D9901F90146291BF59ADA8E0 /* Pods-MapSocialTests.debug.xcconfig */;
			buildSettings = {
				ALWAYS_EMBED_SWIFT_STANDARD_LIBRARIES = YES;
				BUNDLE_LOADER = "$(TEST_HOST)";
				CODE_SIGN_STYLE = Automatic;
				DEVELOPMENT_TEAM = LZB8X3995T;
				INFOPLIST_FILE = MapSocialTests/Info.plist;
				IPHONEOS_DEPLOYMENT_TARGET = 14.3;
				LD_RUNPATH_SEARCH_PATHS = (
					"$(inherited)",
					"@executable_path/Frameworks",
					"@loader_path/Frameworks",
				);
				PRODUCT_BUNDLE_IDENTIFIER = com.kimnordin.MapSocialTests;
				PRODUCT_NAME = "$(TARGET_NAME)";
				SWIFT_VERSION = 5.0;
				TARGETED_DEVICE_FAMILY = "1,2";
				TEST_HOST = "$(BUILT_PRODUCTS_DIR)/MapSocial.app/MapSocial";
			};
			name = Debug;
		};
		F208630E2660253400E142A7 /* Release */ = {
			isa = XCBuildConfiguration;
			baseConfigurationReference = EFB6CFBD1D62667C9DFA7748 /* Pods-MapSocialTests.release.xcconfig */;
			buildSettings = {
				ALWAYS_EMBED_SWIFT_STANDARD_LIBRARIES = YES;
				BUNDLE_LOADER = "$(TEST_HOST)";
				CODE_SIGN_STYLE = Automatic;
				DEVELOPMENT_TEAM = LZB8X3995T;
				INFOPLIST_FILE = MapSocialTests/Info.plist;
				IPHONEOS_DEPLOYMENT_TARGET = 14.3;
				LD_RUNPATH_SEARCH_PATHS = (
					"$(inherited)",
					"@executable_path/Frameworks",
					"@loader_path/Frameworks",
				);
				PRODUCT_BUNDLE_IDENTIFIER = com.kimnordin.MapSocialTests;
				PRODUCT_NAME = "$(TARGET_NAME)";
				SWIFT_VERSION = 5.0;
				TARGETED_DEVICE_FAMILY = "1,2";
				TEST_HOST = "$(BUILT_PRODUCTS_DIR)/MapSocial.app/MapSocial";
			};
			name = Release;
		};
		F20863102660253400E142A7 /* Debug */ = {
			isa = XCBuildConfiguration;
			baseConfigurationReference = 4CCFE31FD05EC482A6F84608 /* Pods-MapSocial-MapSocialUITests.debug.xcconfig */;
			buildSettings = {
				ALWAYS_EMBED_SWIFT_STANDARD_LIBRARIES = YES;
				CODE_SIGN_STYLE = Automatic;
				DEVELOPMENT_TEAM = LZB8X3995T;
				INFOPLIST_FILE = MapSocialUITests/Info.plist;
				LD_RUNPATH_SEARCH_PATHS = (
					"$(inherited)",
					"@executable_path/Frameworks",
					"@loader_path/Frameworks",
				);
				PRODUCT_BUNDLE_IDENTIFIER = com.kimnordin.MapSocialUITests;
				PRODUCT_NAME = "$(TARGET_NAME)";
				SWIFT_VERSION = 5.0;
				TARGETED_DEVICE_FAMILY = "1,2";
				TEST_TARGET_NAME = MapSocial;
			};
			name = Debug;
		};
		F20863112660253400E142A7 /* Release */ = {
			isa = XCBuildConfiguration;
			baseConfigurationReference = 154D47F104294B4848674313 /* Pods-MapSocial-MapSocialUITests.release.xcconfig */;
			buildSettings = {
				ALWAYS_EMBED_SWIFT_STANDARD_LIBRARIES = YES;
				CODE_SIGN_STYLE = Automatic;
				DEVELOPMENT_TEAM = LZB8X3995T;
				INFOPLIST_FILE = MapSocialUITests/Info.plist;
				LD_RUNPATH_SEARCH_PATHS = (
					"$(inherited)",
					"@executable_path/Frameworks",
					"@loader_path/Frameworks",
				);
				PRODUCT_BUNDLE_IDENTIFIER = com.kimnordin.MapSocialUITests;
				PRODUCT_NAME = "$(TARGET_NAME)";
				SWIFT_VERSION = 5.0;
				TARGETED_DEVICE_FAMILY = "1,2";
				TEST_TARGET_NAME = MapSocial;
			};
			name = Release;
		};
/* End XCBuildConfiguration section */

/* Begin XCConfigurationList section */
		F20862DA2660253300E142A7 /* Build configuration list for PBXProject "MapSocial" */ = {
			isa = XCConfigurationList;
			buildConfigurations = (
				F20863072660253400E142A7 /* Debug */,
				F20863082660253400E142A7 /* Release */,
			);
			defaultConfigurationIsVisible = 0;
			defaultConfigurationName = Release;
		};
		F20863092660253400E142A7 /* Build configuration list for PBXNativeTarget "MapSocial" */ = {
			isa = XCConfigurationList;
			buildConfigurations = (
				F208630A2660253400E142A7 /* Debug */,
				F208630B2660253400E142A7 /* Release */,
			);
			defaultConfigurationIsVisible = 0;
			defaultConfigurationName = Release;
		};
		F208630C2660253400E142A7 /* Build configuration list for PBXNativeTarget "MapSocialTests" */ = {
			isa = XCConfigurationList;
			buildConfigurations = (
				F208630D2660253400E142A7 /* Debug */,
				F208630E2660253400E142A7 /* Release */,
			);
			defaultConfigurationIsVisible = 0;
			defaultConfigurationName = Release;
		};
		F208630F2660253400E142A7 /* Build configuration list for PBXNativeTarget "MapSocialUITests" */ = {
			isa = XCConfigurationList;
			buildConfigurations = (
				F20863102660253400E142A7 /* Debug */,
				F20863112660253400E142A7 /* Release */,
			);
			defaultConfigurationIsVisible = 0;
			defaultConfigurationName = Release;
		};
/* End XCConfigurationList section */
	};
	rootObject = F20862D72660253300E142A7 /* Project object */;
}
